// !$*UTF8*$!
{
	archiveVersion = 1;
	classes = {
	};
	objectVersion = 48;
	objects = {

/* Begin PBXBuildFile section */
		18B73C9CA9C6261F1D37F3C0 /* libPods-iOSPromote.a in Frameworks */ = {isa = PBXBuildFile; fileRef = 89E5E4FA07B4696E41449781 /* libPods-iOSPromote.a */; };
		407CEB4720D15EB2009AA4EE /* AppDelegate.m in Sources */ = {isa = PBXBuildFile; fileRef = 407CEB4620D15EB2009AA4EE /* AppDelegate.m */; };
		407CEB4A20D15EB2009AA4EE /* ViewController.m in Sources */ = {isa = PBXBuildFile; fileRef = 407CEB4920D15EB2009AA4EE /* ViewController.m */; };
		407CEB4D20D15EB2009AA4EE /* Main.storyboard in Resources */ = {isa = PBXBuildFile; fileRef = 407CEB4B20D15EB2009AA4EE /* Main.storyboard */; };
		407CEB4F20D15EB2009AA4EE /* Assets.xcassets in Resources */ = {isa = PBXBuildFile; fileRef = 407CEB4E20D15EB2009AA4EE /* Assets.xcassets */; };
		407CEB5220D15EB2009AA4EE /* LaunchScreen.storyboard in Resources */ = {isa = PBXBuildFile; fileRef = 407CEB5020D15EB2009AA4EE /* LaunchScreen.storyboard */; };
		407CEB5520D15EB2009AA4EE /* main.m in Sources */ = {isa = PBXBuildFile; fileRef = 407CEB5420D15EB2009AA4EE /* main.m */; };
/* End PBXBuildFile section */

/* Begin PBXFileReference section */
		407CEB4220D15EB2009AA4EE /* iOSPromote.app */ = {isa = PBXFileReference; explicitFileType = wrapper.application; includeInIndex = 0; path = iOSPromote.app; sourceTree = BUILT_PRODUCTS_DIR; };
		407CEB4520D15EB2009AA4EE /* AppDelegate.h */ = {isa = PBXFileReference; lastKnownFileType = sourcecode.c.h; path = AppDelegate.h; sourceTree = "<group>"; };
		407CEB4620D15EB2009AA4EE /* AppDelegate.m */ = {isa = PBXFileReference; lastKnownFileType = sourcecode.c.objc; path = AppDelegate.m; sourceTree = "<group>"; };
		407CEB4820D15EB2009AA4EE /* ViewController.h */ = {isa = PBXFileReference; lastKnownFileType = sourcecode.c.h; path = ViewController.h; sourceTree = "<group>"; };
		407CEB4920D15EB2009AA4EE /* ViewController.m */ = {isa = PBXFileReference; lastKnownFileType = sourcecode.c.objc; path = ViewController.m; sourceTree = "<group>"; };
		407CEB4C20D15EB2009AA4EE /* Base */ = {isa = PBXFileReference; lastKnownFileType = file.storyboard; name = Base; path = Base.lproj/Main.storyboard; sourceTree = "<group>"; };
		407CEB4E20D15EB2009AA4EE /* Assets.xcassets */ = {isa = PBXFileReference; lastKnownFileType = folder.assetcatalog; path = Assets.xcassets; sourceTree = "<group>"; };
		407CEB5120D15EB2009AA4EE /* Base */ = {isa = PBXFileReference; lastKnownFileType = file.storyboard; name = Base; path = Base.lproj/LaunchScreen.storyboard; sourceTree = "<group>"; };
		407CEB5320D15EB2009AA4EE /* Info.plist */ = {isa = PBXFileReference; lastKnownFileType = text.plist.xml; path = Info.plist; sourceTree = "<group>"; };
		407CEB5420D15EB2009AA4EE /* main.m */ = {isa = PBXFileReference; lastKnownFileType = sourcecode.c.objc; path = main.m; sourceTree = "<group>"; };
		7C2F8FE7E412FF4B3237A8C6 /* Pods-iOSPromote.debug.xcconfig */ = {isa = PBXFileReference; includeInIndex = 1; lastKnownFileType = text.xcconfig; name = "Pods-iOSPromote.debug.xcconfig"; path = "Pods/Target Support Files/Pods-iOSPromote/Pods-iOSPromote.debug.xcconfig"; sourceTree = "<group>"; };
		89E5E4FA07B4696E41449781 /* libPods-iOSPromote.a */ = {isa = PBXFileReference; explicitFileType = archive.ar; includeInIndex = 0; path = "libPods-iOSPromote.a"; sourceTree = BUILT_PRODUCTS_DIR; };
		CDAFC1777FFEAEC145A904CA /* Pods-iOSPromote.release.xcconfig */ = {isa = PBXFileReference; includeInIndex = 1; lastKnownFileType = text.xcconfig; name = "Pods-iOSPromote.release.xcconfig"; path = "Pods/Target Support Files/Pods-iOSPromote/Pods-iOSPromote.release.xcconfig"; sourceTree = "<group>"; };
/* End PBXFileReference section */

/* Begin PBXFrameworksBuildPhase section */
		407CEB3F20D15EB2009AA4EE /* Frameworks */ = {
			isa = PBXFrameworksBuildPhase;
			buildActionMask = 2147483647;
			files = (
				18B73C9CA9C6261F1D37F3C0 /* libPods-iOSPromote.a in Frameworks */,
			);
			runOnlyForDeploymentPostprocessing = 0;
		};
/* End PBXFrameworksBuildPhase section */

/* Begin PBXGroup section */
		407CEB3920D15EB2009AA4EE = {
			isa = PBXGroup;
			children = (
				407CEB4420D15EB2009AA4EE /* iOSPromote */,
				407CEB4320D15EB2009AA4EE /* Products */,
				50EEEC69DF6080E41CF60336 /* Pods */,
				D82FE2A1F2B1D875D1375653 /* Frameworks */,
			);
			sourceTree = "<group>";
		};
		407CEB4320D15EB2009AA4EE /* Products */ = {
			isa = PBXGroup;
			children = (
				407CEB4220D15EB2009AA4EE /* iOSPromote.app */,
			);
			name = Products;
			sourceTree = "<group>";
		};
		407CEB4420D15EB2009AA4EE /* iOSPromote */ = {
			isa = PBXGroup;
			children = (
				407CEB4520D15EB2009AA4EE /* AppDelegate.h */,
				407CEB4620D15EB2009AA4EE /* AppDelegate.m */,
				407CEB4820D15EB2009AA4EE /* ViewController.h */,
				407CEB4920D15EB2009AA4EE /* ViewController.m */,
				407CEB4B20D15EB2009AA4EE /* Main.storyboard */,
				407CEB4E20D15EB2009AA4EE /* Assets.xcassets */,
				407CEB5020D15EB2009AA4EE /* LaunchScreen.storyboard */,
				407CEB5320D15EB2009AA4EE /* Info.plist */,
				407CEB5420D15EB2009AA4EE /* main.m */,
			);
			path = iOSPromote;
			sourceTree = "<group>";
		};
		50EEEC69DF6080E41CF60336 /* Pods */ = {
			isa = PBXGroup;
			children = (
				7C2F8FE7E412FF4B3237A8C6 /* Pods-iOSPromote.debug.xcconfig */,
				CDAFC1777FFEAEC145A904CA /* Pods-iOSPromote.release.xcconfig */,
			);
			name = Pods;
			sourceTree = "<group>";
		};
		D82FE2A1F2B1D875D1375653 /* Frameworks */ = {
			isa = PBXGroup;
			children = (
				89E5E4FA07B4696E41449781 /* libPods-iOSPromote.a */,
			);
			name = Frameworks;
			sourceTree = "<group>";
		};
/* End PBXGroup section */

/* Begin PBXNativeTarget section */
		407CEB4120D15EB2009AA4EE /* iOSPromote */ = {
			isa = PBXNativeTarget;
			buildConfigurationList = 407CEB5820D15EB2009AA4EE /* Build configuration list for PBXNativeTarget "iOSPromote" */;
			buildPhases = (
				993CA04B3FD27EC26C6A4B7C /* [CP] Check Pods Manifest.lock */,
				407CEB3E20D15EB2009AA4EE /* Sources */,
				407CEB3F20D15EB2009AA4EE /* Frameworks */,
				407CEB4020D15EB2009AA4EE /* Resources */,
				373ECF1B27F9BBF108E1D1CE /* [CP] Copy Pods Resources */,
			);
			buildRules = (
			);
			dependencies = (
			);
			name = iOSPromote;
			productName = iOSPromote;
			productReference = 407CEB4220D15EB2009AA4EE /* iOSPromote.app */;
			productType = "com.apple.product-type.application";
		};
/* End PBXNativeTarget section */

/* Begin PBXProject section */
		407CEB3A20D15EB2009AA4EE /* Project object */ = {
			isa = PBXProject;
			attributes = {
				LastUpgradeCheck = 0920;
				ORGANIZATIONNAME = hmengy;
				TargetAttributes = {
					407CEB4120D15EB2009AA4EE = {
						CreatedOnToolsVersion = 9.2;
						ProvisioningStyle = Automatic;
					};
				};
			};
			buildConfigurationList = 407CEB3D20D15EB2009AA4EE /* Build configuration list for PBXProject "iOSPromote" */;
			compatibilityVersion = "Xcode 8.0";
			developmentRegion = en;
			hasScannedForEncodings = 0;
			knownRegions = (
				en,
				Base,
			);
			mainGroup = 407CEB3920D15EB2009AA4EE;
			productRefGroup = 407CEB4320D15EB2009AA4EE /* Products */;
			projectDirPath = "";
			projectRoot = "";
			targets = (
				407CEB4120D15EB2009AA4EE /* iOSPromote */,
			);
		};
/* End PBXProject section */

/* Begin PBXResourcesBuildPhase section */
		407CEB4020D15EB2009AA4EE /* Resources */ = {
			isa = PBXResourcesBuildPhase;
			buildActionMask = 2147483647;
			files = (
				407CEB5220D15EB2009AA4EE /* LaunchScreen.storyboard in Resources */,
				407CEB4F20D15EB2009AA4EE /* Assets.xcassets in Resources */,
				407CEB4D20D15EB2009AA4EE /* Main.storyboard in Resources */,
			);
			runOnlyForDeploymentPostprocessing = 0;
		};
/* End PBXResourcesBuildPhase section */

/* Begin PBXShellScriptBuildPhase section */
		373ECF1B27F9BBF108E1D1CE /* [CP] Copy Pods Resources */ = {
			isa = PBXShellScriptBuildPhase;
			buildActionMask = 2147483647;
			files = (
			);
			inputPaths = (
				"${SRCROOT}/Pods/Target Support Files/Pods-iOSPromote/Pods-iOSPromote-resources.sh",
				"${PODS_ROOT}/MJRefresh/MJRefresh/MJRefresh.bundle",
			);
			name = "[CP] Copy Pods Resources";
			outputPaths = (
				"${TARGET_BUILD_DIR}/${UNLOCALIZED_RESOURCES_FOLDER_PATH}/MJRefresh.bundle",
			);
			runOnlyForDeploymentPostprocessing = 0;
			shellPath = /bin/sh;
			shellScript = "\"${SRCROOT}/Pods/Target Support Files/Pods-iOSPromote/Pods-iOSPromote-resources.sh\"\n";
			showEnvVarsInLog = 0;
		};
		993CA04B3FD27EC26C6A4B7C /* [CP] Check Pods Manifest.lock */ = {
			isa = PBXShellScriptBuildPhase;
			buildActionMask = 2147483647;
			files = (
			);
			inputPaths = (
				"${PODS_PODFILE_DIR_PATH}/Podfile.lock",
				"${PODS_ROOT}/Manifest.lock",
			);
			name = "[CP] Check Pods Manifest.lock";
			outputPaths = (
				"$(DERIVED_FILE_DIR)/Pods-iOSPromote-checkManifestLockResult.txt",
			);
			runOnlyForDeploymentPostprocessing = 0;
			shellPath = /bin/sh;
			shellScript = "diff \"${PODS_PODFILE_DIR_PATH}/Podfile.lock\" \"${PODS_ROOT}/Manifest.lock\" > /dev/null\nif [ $? != 0 ] ; then\n    # print error to STDERR\n    echo \"error: The sandbox is not in sync with the Podfile.lock. Run 'pod install' or update your CocoaPods installation.\" >&2\n    exit 1\nfi\n# This output is used by Xcode 'outputs' to avoid re-running this script phase.\necho \"SUCCESS\" > \"${SCRIPT_OUTPUT_FILE_0}\"\n";
			showEnvVarsInLog = 0;
		};
/* End PBXShellScriptBuildPhase section */

/* Begin PBXSourcesBuildPhase section */
		407CEB3E20D15EB2009AA4EE /* Sources */ = {
			isa = PBXSourcesBuildPhase;
			buildActionMask = 2147483647;
			files = (
				407CEB4A20D15EB2009AA4EE /* ViewController.m in Sources */,
				407CEB5520D15EB2009AA4EE /* main.m in Sources */,
				407CEB4720D15EB2009AA4EE /* AppDelegate.m in Sources */,
			);
			runOnlyForDeploymentPostprocessing = 0;
		};
/* End PBXSourcesBuildPhase section */

/* Begin PBXVariantGroup section */
		407CEB4B20D15EB2009AA4EE /* Main.storyboard */ = {
			isa = PBXVariantGroup;
			children = (
				407CEB4C20D15EB2009AA4EE /* Base */,
			);
			name = Main.storyboard;
			sourceTree = "<group>";
		};
		407CEB5020D15EB2009AA4EE /* LaunchScreen.storyboard */ = {
			isa = PBXVariantGroup;
			children = (
				407CEB5120D15EB2009AA4EE /* Base */,
			);
			name = LaunchScreen.storyboard;
			sourceTree = "<group>";
		};
/* End PBXVariantGroup section */

/* Begin XCBuildConfiguration section */
		407CEB5620D15EB2009AA4EE /* Debug */ = {
			isa = XCBuildConfiguration;
			buildSettings = {
				ALWAYS_SEARCH_USER_PATHS = NO;
				CLANG_ANALYZER_NONNULL = YES;
				CLANG_ANALYZER_NUMBER_OBJECT_CONVERSION = YES_AGGRESSIVE;
				CLANG_CXX_LANGUAGE_STANDARD = "gnu++14";
				CLANG_CXX_LIBRARY = "libc++";
				CLANG_ENABLE_MODULES = YES;
				CLANG_ENABLE_OBJC_ARC = YES;
				CLANG_WARN_BLOCK_CAPTURE_AUTORELEASING = YES;
				CLANG_WARN_BOOL_CONVERSION = YES;
				CLANG_WARN_COMMA = YES;
				CLANG_WARN_CONSTANT_CONVERSION = YES;
				CLANG_WARN_DIRECT_OBJC_ISA_USAGE = YES_ERROR;
				CLANG_WARN_DOCUMENTATION_COMMENTS = YES;
				CLANG_WARN_EMPTY_BODY = YES;
				CLANG_WARN_ENUM_CONVERSION = YES;
				CLANG_WARN_INFINITE_RECURSION = YES;
				CLANG_WARN_INT_CONVERSION = YES;
				CLANG_WARN_NON_LITERAL_NULL_CONVERSION = YES;
				CLANG_WARN_OBJC_LITERAL_CONVERSION = YES;
				CLANG_WARN_OBJC_ROOT_CLASS = YES_ERROR;
				CLANG_WARN_RANGE_LOOP_ANALYSIS = YES;
				CLANG_WARN_STRICT_PROTOTYPES = YES;
				CLANG_WARN_SUSPICIOUS_MOVE = YES;
				CLANG_WARN_UNGUARDED_AVAILABILITY = YES_AGGRESSIVE;
				CLANG_WARN_UNREACHABLE_CODE = YES;
				CLANG_WARN__DUPLICATE_METHOD_MATCH = YES;
				CODE_SIGN_IDENTITY = "iPhone Developer";
				COPY_PHASE_STRIP = NO;
				DEBUG_INFORMATION_FORMAT = dwarf;
				ENABLE_STRICT_OBJC_MSGSEND = YES;
				ENABLE_TESTABILITY = YES;
				GCC_C_LANGUAGE_STANDARD = gnu11;
				GCC_DYNAMIC_NO_PIC = NO;
				GCC_NO_COMMON_BLOCKS = YES;
				GCC_OPTIMIZATION_LEVEL = 0;
				GCC_PREPROCESSOR_DEFINITIONS = (
					"DEBUG=1",
					"$(inherited)",
				);
				GCC_WARN_64_TO_32_BIT_CONVERSION = YES;
				GCC_WARN_ABOUT_RETURN_TYPE = YES_ERROR;
				GCC_WARN_UNDECLARED_SELECTOR = YES;
				GCC_WARN_UNINITIALIZED_AUTOS = YES_AGGRESSIVE;
				GCC_WARN_UNUSED_FUNCTION = YES;
				GCC_WARN_UNUSED_VARIABLE = YES;
				IPHONEOS_DEPLOYMENT_TARGET = 11.2;
				MTL_ENABLE_DEBUG_INFO = YES;
				ONLY_ACTIVE_ARCH = YES;
				SDKROOT = iphoneos;
			};
			name = Debug;
		};
		407CEB5720D15EB2009AA4EE /* Release */ = {
			isa = XCBuildConfiguration;
			buildSettings = {
				ALWAYS_SEARCH_USER_PATHS = NO;
				CLANG_ANALYZER_NONNULL = YES;
				CLANG_ANALYZER_NUMBER_OBJECT_CONVERSION = YES_AGGRESSIVE;
				CLANG_CXX_LANGUAGE_STANDARD = "gnu++14";
				CLANG_CXX_LIBRARY = "libc++";
				CLANG_ENABLE_MODULES = YES;
				CLANG_ENABLE_OBJC_ARC = YES;
				CLANG_WARN_BLOCK_CAPTURE_AUTORELEASING = YES;
				CLANG_WARN_BOOL_CONVERSION = YES;
				CLANG_WARN_COMMA = YES;
				CLANG_WARN_CONSTANT_CONVERSION = YES;
				CLANG_WARN_DIRECT_OBJC_ISA_USAGE = YES_ERROR;
				CLANG_WARN_DOCUMENTATION_COMMENTS = YES;
				CLANG_WARN_EMPTY_BODY = YES;
				CLANG_WARN_ENUM_CONVERSION = YES;
				CLANG_WARN_INFINITE_RECURSION = YES;
				CLANG_WARN_INT_CONVERSION = YES;
				CLANG_WARN_NON_LITERAL_NULL_CONVERSION = YES;
				CLANG_WARN_OBJC_LITERAL_CONVERSION = YES;
				CLANG_WARN_OBJC_ROOT_CLASS = YES_ERROR;
				CLANG_WARN_RANGE_LOOP_ANALYSIS = YES;
				CLANG_WARN_STRICT_PROTOTYPES = YES;
				CLANG_WARN_SUSPICIOUS_MOVE = YES;
				CLANG_WARN_UNGUARDED_AVAILABILITY = YES_AGGRESSIVE;
				CLANG_WARN_UNREACHABLE_CODE = YES;
				CLANG_WARN__DUPLICATE_METHOD_MATCH = YES;
				CODE_SIGN_IDENTITY = "iPhone Developer";
				COPY_PHASE_STRIP = NO;
				DEBUG_INFORMATION_FORMAT = "dwarf-with-dsym";
				ENABLE_NS_ASSERTIONS = NO;
				ENABLE_STRICT_OBJC_MSGSEND = YES;
				GCC_C_LANGUAGE_STANDARD = gnu11;
				GCC_NO_COMMON_BLOCKS = YES;
				GCC_WARN_64_TO_32_BIT_CONVERSION = YES;
				GCC_WARN_ABOUT_RETURN_TYPE = YES_ERROR;
				GCC_WARN_UNDECLARED_SELECTOR = YES;
				GCC_WARN_UNINITIALIZED_AUTOS = YES_AGGRESSIVE;
				GCC_WARN_UNUSED_FUNCTION = YES;
				GCC_WARN_UNUSED_VARIABLE = YES;
				IPHONEOS_DEPLOYMENT_TARGET = 11.2;
				MTL_ENABLE_DEBUG_INFO = NO;
				SDKROOT = iphoneos;
				VALIDATE_PRODUCT = YES;
			};
			name = Release;
		};
		407CEB5920D15EB2009AA4EE /* Debug */ = {
			isa = XCBuildConfiguration;
			baseConfigurationReference = 7C2F8FE7E412FF4B3237A8C6 /* Pods-iOSPromote.debug.xcconfig */;
			buildSettings = {
				ASSETCATALOG_COMPILER_APPICON_NAME = AppIcon;
				CODE_SIGN_STYLE = Automatic;
				DEVELOPMENT_TEAM = 4H58MT8FN6;
				INFOPLIST_FILE = iOSPromote/Info.plist;
				LD_RUNPATH_SEARCH_PATHS = "$(inherited) @executable_path/Frameworks";
				PRODUCT_BUNDLE_IDENTIFIER = com.DadixingInternet.iOSPromote;
				PRODUCT_NAME = "$(TARGET_NAME)";
				TARGETED_DEVICE_FAMILY = "1,2";
			};
			name = Debug;
		};
		407CEB5A20D15EB2009AA4EE /* Release */ = {
			isa = XCBuildConfiguration;
			baseConfigurationReference = CDAFC1777FFEAEC145A904CA /* Pods-iOSPromote.release.xcconfig */;
			buildSettings = {
				ASSETCATALOG_COMPILER_APPICON_NAME = AppIcon;
				CODE_SIGN_STYLE = Automatic;
				DEVELOPMENT_TEAM = 4H58MT8FN6;
				INFOPLIST_FILE = iOSPromote/Info.plist;
				LD_RUNPATH_SEARCH_PATHS = "$(inherited) @executable_path/Frameworks";
				PRODUCT_BUNDLE_IDENTIFIER = com.DadixingInternet.iOSPromote;
				PRODUCT_NAME = "$(TARGET_NAME)";
				TARGETED_DEVICE_FAMILY = "1,2";
			};
			name = Release;
		};
/* End XCBuildConfiguration section */

/* Begin XCConfigurationList section */
		407CEB3D20D15EB2009AA4EE /* Build configuration list for PBXProject "iOSPromote" */ = {
			isa = XCConfigurationList;
			buildConfigurations = (
				407CEB5620D15EB2009AA4EE /* Debug */,
				407CEB5720D15EB2009AA4EE /* Release */,
			);
			defaultConfigurationIsVisible = 0;
			defaultConfigurationName = Release;
		};
		407CEB5820D15EB2009AA4EE /* Build configuration list for PBXNativeTarget "iOSPromote" */ = {
			isa = XCConfigurationList;
			buildConfigurations = (
				407CEB5920D15EB2009AA4EE /* Debug */,
				407CEB5A20D15EB2009AA4EE /* Release */,
			);
			defaultConfigurationIsVisible = 0;
			defaultConfigurationName = Release;
		};
/* End XCConfigurationList section */
	};
	rootObject = 407CEB3A20D15EB2009AA4EE /* Project object */;
}
